// !$*UTF8*$!
{
	archiveVersion = 1;
	classes = {
	};
	objectVersion = 46;
	objects = {

/* Begin PBXBuildFile section */
		5B40BAA81D7D422D001B5051 /* main.m in Sources */ = {isa = PBXBuildFile; fileRef = 5B40BAA71D7D422D001B5051 /* main.m */; };
		5B40BAAB1D7D422D001B5051 /* AppDelegate.m in Sources */ = {isa = PBXBuildFile; fileRef = 5B40BAAA1D7D422D001B5051 /* AppDelegate.m */; };
		5B40BAAE1D7D422D001B5051 /* ViewController.m in Sources */ = {isa = PBXBuildFile; fileRef = 5B40BAAD1D7D422D001B5051 /* ViewController.m */; };
		5B40BAB11D7D422D001B5051 /* Main.storyboard in Resources */ = {isa = PBXBuildFile; fileRef = 5B40BAAF1D7D422D001B5051 /* Main.storyboard */; };
		5B40BAB31D7D422D001B5051 /* Assets.xcassets in Resources */ = {isa = PBXBuildFile; fileRef = 5B40BAB21D7D422D001B5051 /* Assets.xcassets */; };
		5B40BAB61D7D422D001B5051 /* LaunchScreen.storyboard in Resources */ = {isa = PBXBuildFile; fileRef = 5B40BAB41D7D422D001B5051 /* LaunchScreen.storyboard */; };
		5B40BAC41D7D4284001B5051 /* ZSStatusBarHUD.bundle in Resources */ = {isa = PBXBuildFile; fileRef = 5B40BAC01D7D4284001B5051 /* ZSStatusBarHUD.bundle */; };
		5B40BAC51D7D4284001B5051 /* ZSStatusBarHUD.m in Sources */ = {isa = PBXBuildFile; fileRef = 5B40BAC21D7D4284001B5051 /* ZSStatusBarHUD.m */; };
/* End PBXBuildFile section */

/* Begin PBXFileReference section */
		5B40BAA31D7D422D001B5051 /* ZSStatusBarHUD.app */ = {isa = PBXFileReference; explicitFileType = wrapper.application; includeInIndex = 0; path = ZSStatusBarHUD.app; sourceTree = BUILT_PRODUCTS_DIR; };
		5B40BAA71D7D422D001B5051 /* main.m */ = {isa = PBXFileReference; lastKnownFileType = sourcecode.c.objc; path = main.m; sourceTree = "<group>"; };
		5B40BAA91D7D422D001B5051 /* AppDelegate.h */ = {isa = PBXFileReference; lastKnownFileType = sourcecode.c.h; path = AppDelegate.h; sourceTree = "<group>"; };
		5B40BAAA1D7D422D001B5051 /* AppDelegate.m */ = {isa = PBXFileReference; lastKnownFileType = sourcecode.c.objc; path = AppDelegate.m; sourceTree = "<group>"; };
		5B40BAAC1D7D422D001B5051 /* ViewController.h */ = {isa = PBXFileReference; lastKnownFileType = sourcecode.c.h; path = ViewController.h; sourceTree = "<group>"; };
		5B40BAAD1D7D422D001B5051 /* ViewController.m */ = {isa = PBXFileReference; lastKnownFileType = sourcecode.c.objc; path = ViewController.m; sourceTree = "<group>"; };
		5B40BAB01D7D422D001B5051 /* Base */ = {isa = PBXFileReference; lastKnownFileType = file.storyboard; name = Base; path = Base.lproj/Main.storyboard; sourceTree = "<group>"; };
		5B40BAB21D7D422D001B5051 /* Assets.xcassets */ = {isa = PBXFileReference; lastKnownFileType = folder.assetcatalog; path = Assets.xcassets; sourceTree = "<group>"; };
		5B40BAB51D7D422D001B5051 /* Base */ = {isa = PBXFileReference; lastKnownFileType = file.storyboard; name = Base; path = Base.lproj/LaunchScreen.storyboard; sourceTree = "<group>"; };
		5B40BAB71D7D422D001B5051 /* Info.plist */ = {isa = PBXFileReference; lastKnownFileType = text.plist.xml; path = Info.plist; sourceTree = "<group>"; };
		5B40BAC01D7D4284001B5051 /* ZSStatusBarHUD.bundle */ = {isa = PBXFileReference; lastKnownFileType = "wrapper.plug-in"; path = ZSStatusBarHUD.bundle; sourceTree = "<group>"; };
		5B40BAC11D7D4284001B5051 /* ZSStatusBarHUD.h */ = {isa = PBXFileReference; fileEncoding = 4; lastKnownFileType = sourcecode.c.h; path = ZSStatusBarHUD.h; sourceTree = "<group>"; };
		5B40BAC21D7D4284001B5051 /* ZSStatusBarHUD.m */ = {isa = PBXFileReference; fileEncoding = 4; lastKnownFileType = sourcecode.c.objc; path = ZSStatusBarHUD.m; sourceTree = "<group>"; };
/* End PBXFileReference section */

/* Begin PBXFrameworksBuildPhase section */
		5B40BAA01D7D422D001B5051 /* Frameworks */ = {
			isa = PBXFrameworksBuildPhase;
			buildActionMask = 2147483647;
			files = (
			);
			runOnlyForDeploymentPostprocessing = 0;
		};
/* End PBXFrameworksBuildPhase section */

/* Begin PBXGroup section */
		5B40BA9A1D7D422D001B5051 = {
			isa = PBXGroup;
			children = (
				5B40BAA51D7D422D001B5051 /* ZSStatusBarHUD */,
				5B40BAA41D7D422D001B5051 /* Products */,
			);
			sourceTree = "<group>";
		};
		5B40BAA41D7D422D001B5051 /* Products */ = {
			isa = PBXGroup;
			children = (
				5B40BAA31D7D422D001B5051 /* ZSStatusBarHUD.app */,
			);
			name = Products;
			sourceTree = "<group>";
		};
		5B40BAA51D7D422D001B5051 /* ZSStatusBarHUD */ = {
			isa = PBXGroup;
			children = (
				5B40BABD1D7D4284001B5051 /* ZSStatusBarHUD */,
				5B40BAA91D7D422D001B5051 /* AppDelegate.h */,
				5B40BAAA1D7D422D001B5051 /* AppDelegate.m */,
				5B40BAAC1D7D422D001B5051 /* ViewController.h */,
				5B40BAAD1D7D422D001B5051 /* ViewController.m */,
				5B40BAAF1D7D422D001B5051 /* Main.storyboard */,
				5B40BAB21D7D422D001B5051 /* Assets.xcassets */,
				5B40BAB41D7D422D001B5051 /* LaunchScreen.storyboard */,
				5B40BAB71D7D422D001B5051 /* Info.plist */,
				5B40BAA61D7D422D001B5051 /* Supporting Files */,
			);
			path = ZSStatusBarHUD;
			sourceTree = "<group>";
		};
		5B40BAA61D7D422D001B5051 /* Supporting Files */ = {
			isa = PBXGroup;
			children = (
				5B40BAA71D7D422D001B5051 /* main.m */,
			);
			name = "Supporting Files";
			sourceTree = "<group>";
		};
		5B40BABD1D7D4284001B5051 /* ZSStatusBarHUD */ = {
			isa = PBXGroup;
			children = (
				5B40BAC01D7D4284001B5051 /* ZSStatusBarHUD.bundle */,
				5B40BAC11D7D4284001B5051 /* ZSStatusBarHUD.h */,
				5B40BAC21D7D4284001B5051 /* ZSStatusBarHUD.m */,
			);
			path = ZSStatusBarHUD;
			sourceTree = "<group>";
		};
/* End PBXGroup section */

/* Begin PBXNativeTarget section */
		5B40BAA21D7D422D001B5051 /* ZSStatusBarHUD */ = {
			isa = PBXNativeTarget;
			buildConfigurationList = 5B40BABA1D7D422D001B5051 /* Build configuration list for PBXNativeTarget "ZSStatusBarHUD" */;
			buildPhases = (
				5B40BA9F1D7D422D001B5051 /* Sources */,
				5B40BAA01D7D422D001B5051 /* Frameworks */,
				5B40BAA11D7D422D001B5051 /* Resources */,
			);
			buildRules = (
			);
			dependencies = (
			);
			name = ZSStatusBarHUD;
			productName = ZSStatusBarHUD;
			productReference = 5B40BAA31D7D422D001B5051 /* ZSStatusBarHUD.app */;
			productType = "com.apple.product-type.application";
		};
/* End PBXNativeTarget section */

/* Begin PBXProject section */
		5B40BA9B1D7D422D001B5051 /* Project object */ = {
			isa = PBXProject;
			attributes = {
				LastUpgradeCheck = 0720;
				ORGANIZATIONNAME = Hero;
				TargetAttributes = {
					5B40BAA21D7D422D001B5051 = {
						CreatedOnToolsVersion = 7.2;
					};
				};
			};
			buildConfigurationList = 5B40BA9E1D7D422D001B5051 /* Build configuration list for PBXProject "ZSStatusBarHUD" */;
			compatibilityVersion = "Xcode 3.2";
			developmentRegion = English;
			hasScannedForEncodings = 0;
			knownRegions = (
				en,
				Base,
			);
			mainGroup = 5B40BA9A1D7D422D001B5051;
			productRefGroup = 5B40BAA41D7D422D001B5051 /* Products */;
			projectDirPath = "";
			projectRoot = "";
			targets = (
				5B40BAA21D7D422D001B5051 /* ZSStatusBarHUD */,
			);
		};
/* End PBXProject section */

/* Begin PBXResourcesBuildPhase section */
		5B40BAA11D7D422D001B5051 /* Resources */ = {
			isa = PBXResourcesBuildPhase;
			buildActionMask = 2147483647;
			files = (
				5B40BAC41D7D4284001B5051 /* ZSStatusBarHUD.bundle in Resources */,
				5B40BAB61D7D422D001B5051 /* LaunchScreen.storyboard in Resources */,
				5B40BAB31D7D422D001B5051 /* Assets.xcassets in Resources */,
				5B40BAB11D7D422D001B5051 /* Main.storyboard in Resources */,
			);
			runOnlyForDeploymentPostprocessing = 0;
		};
/* End PBXResourcesBuildPhase section */

/* Begin PBXSourcesBuildPhase section */
		5B40BA9F1D7D422D001B5051 /* Sources */ = {
			isa = PBXSourcesBuildPhase;
			buildActionMask = 2147483647;
			files = (
				5B40BAAE1D7D422D001B5051 /* ViewController.m in Sources */,
				5B40BAAB1D7D422D001B5051 /* AppDelegate.m in Sources */,
				5B40BAA81D7D422D001B5051 /* main.m in Sources */,
				5B40BAC51D7D4284001B5051 /* ZSStatusBarHUD.m in Sources */,
			);
			runOnlyForDeploymentPostprocessing = 0;
		};
/* End PBXSourcesBuildPhase section */

/* Begin PBXVariantGroup section */
		5B40BAAF1D7D422D001B5051 /* Main.storyboard */ = {
			isa = PBXVariantGroup;
			children = (
				5B40BAB01D7D422D001B5051 /* Base */,
			);
			name = Main.storyboard;
			sourceTree = "<group>";
		};
		5B40BAB41D7D422D001B5051 /* LaunchScreen.storyboard */ = {
			isa = PBXVariantGroup;
			children = (
				5B40BAB51D7D422D001B5051 /* Base */,
			);
			name = LaunchScreen.storyboard;
			sourceTree = "<group>";
		};
/* End PBXVariantGroup section */

/* Begin XCBuildConfiguration section */
		5B40BAB81D7D422D001B5051 /* Debug */ = {
			isa = XCBuildConfiguration;
			buildSettings = {
				ALWAYS_SEARCH_USER_PATHS = NO;
				CLANG_CXX_LANGUAGE_STANDARD = "gnu++0x";
				CLANG_CXX_LIBRARY = "libc++";
				CLANG_ENABLE_MODULES = YES;
				CLANG_ENABLE_OBJC_ARC = YES;
				CLANG_WARN_BOOL_CONVERSION = YES;
				CLANG_WARN_CONSTANT_CONVERSION = YES;
				CLANG_WARN_DIRECT_OBJC_ISA_USAGE = YES_ERROR;
				CLANG_WARN_EMPTY_BODY = YES;
				CLANG_WARN_ENUM_CONVERSION = YES;
				CLANG_WARN_INT_CONVERSION = YES;
				CLANG_WARN_OBJC_ROOT_CLASS = YES_ERROR;
				CLANG_WARN_UNREACHABLE_CODE = YES;
				CLANG_WARN__DUPLICATE_METHOD_MATCH = YES;
				"CODE_SIGN_IDENTITY[sdk=iphoneos*]" = "iPhone Developer";
				COPY_PHASE_STRIP = NO;
				DEBUG_INFORMATION_FORMAT = dwarf;
				ENABLE_STRICT_OBJC_MSGSEND = YES;
				ENABLE_TESTABILITY = YES;
				GCC_C_LANGUAGE_STANDARD = gnu99;
				GCC_DYNAMIC_NO_PIC = NO;
				GCC_NO_COMMON_BLOCKS = YES;
				GCC_OPTIMIZATION_LEVEL = 0;
				GCC_PREPROCESSOR_DEFINITIONS = (
					"DEBUG=1",
					"$(inherited)",
				);
				GCC_WARN_64_TO_32_BIT_CONVERSION = YES;
				GCC_WARN_ABOUT_RETURN_TYPE = YES_ERROR;
				GCC_WARN_UNDECLARED_SELECTOR = YES;
				GCC_WARN_UNINITIALIZED_AUTOS = YES_AGGRESSIVE;
				GCC_WARN_UNUSED_FUNCTION = YES;
				GCC_WARN_UNUSED_VARIABLE = YES;
				IPHONEOS_DEPLOYMENT_TARGET = 9.2;
				MTL_ENABLE_DEBUG_INFO = YES;
				ONLY_ACTIVE_ARCH = YES;
				SDKROOT = iphoneos;
			};
			name = Debug;
		};
		5B40BAB91D7D422D001B5051 /* Release */ = {
			isa = XCBuildConfiguration;
			buildSettings = {
				ALWAYS_SEARCH_USER_PATHS = NO;
				CLANG_CXX_LANGUAGE_STANDARD = "gnu++0x";
				CLANG_CXX_LIBRARY = "libc++";
				CLANG_ENABLE_MODULES = YES;
				CLANG_ENABLE_OBJC_ARC = YES;
				CLANG_WARN_BOOL_CONVERSION = YES;
				CLANG_WARN_CONSTANT_CONVERSION = YES;
				CLANG_WARN_DIRECT_OBJC_ISA_USAGE = YES_ERROR;
				CLANG_WARN_EMPTY_BODY = YES;
				CLANG_WARN_ENUM_CONVERSION = YES;
				CLANG_WARN_INT_CONVERSION = YES;
				CLANG_WARN_OBJC_ROOT_CLASS = YES_ERROR;
				CLANG_WARN_UNREACHABLE_CODE = YES;
				CLANG_WARN__DUPLICATE_METHOD_MATCH = YES;
				"CODE_SIGN_IDENTITY[sdk=iphoneos*]" = "iPhone Developer";
				COPY_PHASE_STRIP = NO;
				DEBUG_INFORMATION_FORMAT = "dwarf-with-dsym";
				ENABLE_NS_ASSERTIONS = NO;
				ENABLE_STRICT_OBJC_MSGSEND = YES;
				GCC_C_LANGUAGE_STANDARD = gnu99;
				GCC_NO_COMMON_BLOCKS = YES;
				GCC_WARN_64_TO_32_BIT_CONVERSION = YES;
				GCC_WARN_ABOUT_RETURN_TYPE = YES_ERROR;
				GCC_WARN_UNDECLARED_SELECTOR = YES;
				GCC_WARN_UNINITIALIZED_AUTOS = YES_AGGRESSIVE;
				GCC_WARN_UNUSED_FUNCTION = YES;
				GCC_WARN_UNUSED_VARIABLE = YES;
				IPHONEOS_DEPLOYMENT_TARGET = 9.2;
				MTL_ENABLE_DEBUG_INFO = NO;
				SDKROOT = iphoneos;
				VALIDATE_PRODUCT = YES;
			};
			name = Release;
		};
		5B40BABB1D7D422D001B5051 /* Debug */ = {
			isa = XCBuildConfiguration;
			buildSettings = {
				ASSETCATALOG_COMPILER_APPICON_NAME = AppIcon;
				INFOPLIST_FILE = ZSStatusBarHUD/Info.plist;
				LD_RUNPATH_SEARCH_PATHS = "$(inherited) @executable_path/Frameworks";
				PRODUCT_BUNDLE_IDENTIFIER = Zs.ZSStatusBarHUD;
				PRODUCT_NAME = "$(TARGET_NAME)";
			};
			name = Debug;
		};
		5B40BABC1D7D422D001B5051 /* Release */ = {
			isa = XCBuildConfiguration;
			buildSettings = {
				ASSETCATALOG_COMPILER_APPICON_NAME = AppIcon;
				INFOPLIST_FILE = ZSStatusBarHUD/Info.plist;
				LD_RUNPATH_SEARCH_PATHS = "$(inherited) @executable_path/Frameworks";
				PRODUCT_BUNDLE_IDENTIFIER = Zs.ZSStatusBarHUD;
				PRODUCT_NAME = "$(TARGET_NAME)";
			};
			name = Release;
		};
/* End XCBuildConfiguration section */

/* Begin XCConfigurationList section */
		5B40BA9E1D7D422D001B5051 /* Build configuration list for PBXProject "ZSStatusBarHUD" */ = {
			isa = XCConfigurationList;
			buildConfigurations = (
				5B40BAB81D7D422D001B5051 /* Debug */,
				5B40BAB91D7D422D001B5051 /* Release */,
			);
			defaultConfigurationIsVisible = 0;
			defaultConfigurationName = Release;
		};
		5B40BABA1D7D422D001B5051 /* Build configuration list for PBXNativeTarget "ZSStatusBarHUD" */ = {
			isa = XCConfigurationList;
			buildConfigurations = (
				5B40BABB1D7D422D001B5051 /* Debug */,
				5B40BABC1D7D422D001B5051 /* Release */,
			);
			defaultConfigurationIsVisible = 0;
		};
/* End XCConfigurationList section */
	};
	rootObject = 5B40BA9B1D7D422D001B5051 /* Project object */;
}
